<?xml version="1.0" encoding="utf-8"?>
<Project ToolsVersion="4.0" xmlns="http://schemas.microsoft.com/developer/msbuild/2003">
  <ItemGroup>
    <Filter Include="Source Files">
      <UniqueIdentifier>{4FC737F1-C7A5-4376-A066-2A32D752A2FF}</UniqueIdentifier>
      <Extensions>cpp;c;cc;cxx;def;odl;idl;hpj;bat;asm;asmx</Extensions>
    </Filter>
    <Filter Include="Header Files">
      <UniqueIdentifier>{93995380-89BD-4b04-88EB-625FBE52EBFB}</UniqueIdentifier>
      <Extensions>h;hh;hpp;hxx;hm;inl;inc;xsd</Extensions>
    </Filter>
    <Filter Include="Resource Files">
      <UniqueIdentifier>{67DA6AB6-F800-4c08-8B7A-83BB121AAD01}</UniqueIdentifier>
      <Extensions>rc;ico;cur;bmp;dlg;rc2;rct;bin;rgs;gif;jpg;jpeg;jpe;resx;tiff;tif;png;wav;mfcribbon-ms</Extensions>
    </Filter>
    <Filter Include="JEngine">
      <UniqueIdentifier>{67d2c34c-1c6f-4dd8-b852-672823b10e86}</UniqueIdentifier>
    </Filter>
    <Filter Include="JEngine\Input">
      <UniqueIdentifier>{5db12792-722c-4aef-ab8e-1852f803c703}</UniqueIdentifier>
    </Filter>
    <Filter Include="JEngine\SceneManagement">
      <UniqueIdentifier>{d88e6ac5-383b-4dc0-8764-82de033343cb}</UniqueIdentifier>
    </Filter>
    <Filter Include="JEngine\Components">
      <UniqueIdentifier>{b08c50f3-2284-4b94-8d08-626dc9359522}</UniqueIdentifier>
    </Filter>
    <Filter Include="JEngine\GameObject">
      <UniqueIdentifier>{7a4722f0-a109-4342-bbf0-34e4a6bcdd54}</UniqueIdentifier>
    </Filter>
    <Filter Include="JEngine\Window">
      <UniqueIdentifier>{d3f62174-8001-48d2-b4c1-1a7be142722a}</UniqueIdentifier>
    </Filter>
    <Filter Include="JEngine\Renderer">
      <UniqueIdentifier>{98052212-1367-4466-899b-883839d3103d}</UniqueIdentifier>
    </Filter>
    <Filter Include="JEngine\Components\Graphics">
      <UniqueIdentifier>{14250b65-9707-49f6-bbd4-9a2db5b5f853}</UniqueIdentifier>
    </Filter>
    <Filter Include="JEngine\Components\Graphics\Sprites">
      <UniqueIdentifier>{4be04788-eb7a-4d8c-9103-402eadf884d0}</UniqueIdentifier>
    </Filter>
    <Filter Include="JEngine\Components\Animation">
      <UniqueIdentifier>{71c079a9-e79a-4651-8de8-60192140182f}</UniqueIdentifier>
    </Filter>
    <Filter Include="JEngine\Components\Collider">
      <UniqueIdentifier>{44820384-3be4-4a1c-a67d-86462d4014e5}</UniqueIdentifier>
    </Filter>
    <Filter Include="JEngine\Components\Collider\Box">
      <UniqueIdentifier>{4dff2ff6-49d8-45bd-9b7b-9b24a7cd6de2}</UniqueIdentifier>
    </Filter>
    <Filter Include="JEngine\Components\Graphics\Text">
      <UniqueIdentifier>{bc39bb39-64fe-45dd-8fd3-55dda4b717f1}</UniqueIdentifier>
    </Filter>
    <Filter Include="JEngine\Components\Graphics\Font">
      <UniqueIdentifier>{8a965539-cbca-463c-ba64-2e09bace05cf}</UniqueIdentifier>
    </Filter>
    <Filter Include="JEngine\Components\Audio">
      <UniqueIdentifier>{02c20e2b-10bb-476f-a2d9-aceb6b0e9b66}</UniqueIdentifier>
    </Filter>
    <Filter Include="JEngine\Components\Audio\Sound">
      <UniqueIdentifier>{7d17ddb5-079a-4640-a6a5-c3ffea1883e2}</UniqueIdentifier>
    </Filter>
    <Filter Include="JEngine\Components\Audio\Music">
      <UniqueIdentifier>{e7da237c-e0e4-4e1f-b2d6-b8a15d4e5874}</UniqueIdentifier>
    </Filter>
    <Filter Include="JEngine\Components\Graphics\Button">
      <UniqueIdentifier>{5a9531ae-c4ce-4a80-9396-ea7dab69c24f}</UniqueIdentifier>
    </Filter>
    <Filter Include="Game">
      <UniqueIdentifier>{ef0b1e24-73a3-4b19-903d-0b2eff265bf5}</UniqueIdentifier>
    </Filter>
    <Filter Include="Game\Menu">
      <UniqueIdentifier>{d48041f1-6cfc-4397-bae0-4a4f9f19acd6}</UniqueIdentifier>
    </Filter>
    <Filter Include="Game\Scenes">
      <UniqueIdentifier>{6702af9c-8a34-4ced-b15a-c5c63a9c7bc2}</UniqueIdentifier>
    </Filter>
    <Filter Include="JEngine\Helpers">
      <UniqueIdentifier>{5ac471ca-a0f9-4dd4-a4f9-615cc649581b}</UniqueIdentifier>
    </Filter>
    <Filter Include="Game\Level">
      <UniqueIdentifier>{be50a5c7-711e-4fe7-8d7d-2cc3ae1e9e3d}</UniqueIdentifier>
    </Filter>
    <Filter Include="Game\Level\Managers">
      <UniqueIdentifier>{cd2eef44-73c8-4e38-8224-326c66fde12d}</UniqueIdentifier>
    </Filter>
    <Filter Include="Game\Level\Managers\Beam">
      <UniqueIdentifier>{666b1cb2-b6d9-46ad-a395-d6590543872c}</UniqueIdentifier>
    </Filter>
    <Filter Include="Game\Level\Managers\Time">
      <UniqueIdentifier>{ca61cde9-9c48-429f-a62e-913dc80681d3}</UniqueIdentifier>
    </Filter>
    <Filter Include="Game\Level\Managers\Score">
      <UniqueIdentifier>{ffe85f1d-e467-4cb4-8cb9-be71795c8150}</UniqueIdentifier>
    </Filter>
    <Filter Include="Game\Level\Managers\Mirror">
      <UniqueIdentifier>{3df52825-c487-4ffd-85b0-5b465c9c7db1}</UniqueIdentifier>
    </Filter>
    <Filter Include="Game\Level\Managers\Color">
      <UniqueIdentifier>{605ff0af-ab5c-41f4-915d-46648b88c5c1}</UniqueIdentifier>
    </Filter>
    <Filter Include="Game\Level\Beam">
      <UniqueIdentifier>{13f7a9cd-f277-4654-8c6f-8226e2edfcb2}</UniqueIdentifier>
    </Filter>
    <Filter Include="Game\Level\Mirror">
      <UniqueIdentifier>{7113a397-d356-44f3-90c3-423ae5022808}</UniqueIdentifier>
    </Filter>
    <Filter Include="Game\Level\Prisma">
      <UniqueIdentifier>{0c04935d-c5c4-4975-9dfa-870ae4efafd0}</UniqueIdentifier>
    </Filter>
    <Filter Include="Game\LevelSelect">
      <UniqueIdentifier>{90de92d1-0beb-40d5-b172-174381f986ea}</UniqueIdentifier>
    </Filter>
    <Filter Include="Game\Level\Managers\Validate">
      <UniqueIdentifier>{67210f88-c673-484a-91b8-61b3e7a37d59}</UniqueIdentifier>
    </Filter>
  </ItemGroup>
  <ItemGroup>
    <ClCompile Include="Game.cpp">
      <Filter>JEngine</Filter>
    </ClCompile>
    <ClCompile Include="SceneManager.cpp">
      <Filter>JEngine\SceneManagement</Filter>
    </ClCompile>
    <ClCompile Include="Scene.cpp">
      <Filter>JEngine\SceneManagement</Filter>
    </ClCompile>
    <ClCompile Include="Component.cpp">
      <Filter>JEngine\Components</Filter>
    </ClCompile>
    <ClCompile Include="GameObject.cpp">
      <Filter>JEngine\GameObject</Filter>
    </ClCompile>
    <ClCompile Include="Window.cpp">
      <Filter>JEngine\Window</Filter>
    </ClCompile>
    <ClCompile Include="Renderer.cpp">
      <Filter>JEngine\Renderer</Filter>
    </ClCompile>
    <ClCompile Include="Input.cpp">
      <Filter>JEngine\Input</Filter>
    </ClCompile>
    <ClCompile Include="Main.cpp">
      <Filter>JEngine</Filter>
    </ClCompile>
    <ClCompile Include="Sprite.cpp">
      <Filter>JEngine\Components\Graphics\Sprites</Filter>
    </ClCompile>
    <ClCompile Include="AnimationClip.cpp">
      <Filter>JEngine\Components\Animation</Filter>
    </ClCompile>
    <ClCompile Include="Animator.cpp">
      <Filter>JEngine\Components\Animation</Filter>
    </ClCompile>
    <ClCompile Include="Collider.cpp">
      <Filter>JEngine\Components\Collider</Filter>
    </ClCompile>
    <ClCompile Include="BoxCollider.cpp">
      <Filter>JEngine\Components\Collider\Box</Filter>
    </ClCompile>
    <ClCompile Include="Font.cpp">
      <Filter>JEngine\Components\Graphics\Font</Filter>
    </ClCompile>
    <ClCompile Include="Text.cpp">
      <Filter>JEngine\Components\Graphics\Text</Filter>
    </ClCompile>
    <ClCompile Include="Sound.cpp">
      <Filter>JEngine\Components\Audio\Sound</Filter>
    </ClCompile>
    <ClCompile Include="Music.cpp">
      <Filter>JEngine\Components\Audio\Music</Filter>
    </ClCompile>
    <ClCompile Include="Button.cpp">
      <Filter>JEngine\Components\Graphics\Button</Filter>
    </ClCompile>
    <ClCompile Include="ReflectorBeamManager.cpp">
      <Filter>Game\Level\Managers\Beam</Filter>
    </ClCompile>
    <ClCompile Include="MenuScene.cpp">
      <Filter>Game\Scenes</Filter>
    </ClCompile>
    <ClCompile Include="TimeManager.cpp">
      <Filter>Game\Level\Managers\Time</Filter>
    </ClCompile>
    <ClCompile Include="ScoreManager.cpp">
      <Filter>Game\Level\Managers\Score</Filter>
    </ClCompile>
    <ClCompile Include="MainScene.cpp">
      <Filter>Game\Scenes</Filter>
    </ClCompile>
    <ClCompile Include="ReflectorBeam.cpp">
      <Filter>Game\Level\Beam</Filter>
    </ClCompile>
    <ClCompile Include="MirrorManager.cpp">
      <Filter>Game\Level\Managers\Mirror</Filter>
    </ClCompile>
    <ClCompile Include="Equations.cpp">
      <Filter>JEngine\Helpers</Filter>
    </ClCompile>
    <ClCompile Include="HelperMethods.cpp">
      <Filter>JEngine\Helpers</Filter>
    </ClCompile>
    <ClCompile Include="ColorManager.cpp">
      <Filter>Game\Level\Managers\Color</Filter>
    </ClCompile>
    <ClCompile Include="LevelSelectScene.cpp">
      <Filter>Game\Scenes</Filter>
    </ClCompile>
    <ClCompile Include="Mirror.cpp">
      <Filter>Game\Level\Mirror</Filter>
    </ClCompile>
    <ClCompile Include="LevelSelectManager.cpp">
      <Filter>Game\LevelSelect</Filter>
    </ClCompile>
    <ClCompile Include="ValidationManager.cpp">
      <Filter>Game\Level\Managers\Validate</Filter>
    </ClCompile>
  </ItemGroup>
  <ItemGroup>
    <ClInclude Include="Game.h">
      <Filter>JEngine</Filter>
    </ClInclude>
    <ClInclude Include="SceneManager.h">
      <Filter>JEngine\SceneManagement</Filter>
    </ClInclude>
    <ClInclude Include="Scene.h">
      <Filter>JEngine\SceneManagement</Filter>
    </ClInclude>
    <ClInclude Include="Component.h">
      <Filter>JEngine\Components</Filter>
    </ClInclude>
    <ClInclude Include="GameObject.h">
      <Filter>JEngine\GameObject</Filter>
    </ClInclude>
    <ClInclude Include="Window.h">
      <Filter>JEngine\Window</Filter>
    </ClInclude>
    <ClInclude Include="Renderer.h">
      <Filter>JEngine\Renderer</Filter>
    </ClInclude>
    <ClInclude Include="Input.h">
      <Filter>JEngine\Input</Filter>
    </ClInclude>
    <ClInclude Include="Sprite.h">
      <Filter>JEngine\Components\Graphics\Sprites</Filter>
    </ClInclude>
    <ClInclude Include="BaseComponents.hpp">
      <Filter>JEngine\Components</Filter>
    </ClInclude>
    <ClInclude Include="AnimationClip.h">
      <Filter>JEngine\Components\Animation</Filter>
    </ClInclude>
    <ClInclude Include="Animator.h">
      <Filter>JEngine\Components\Animation</Filter>
    </ClInclude>
    <ClInclude Include="Collider.h">
      <Filter>JEngine\Components\Collider</Filter>
    </ClInclude>
    <ClInclude Include="BoxCollider.h">
      <Filter>JEngine\Components\Collider\Box</Filter>
    </ClInclude>
    <ClInclude Include="Font.h">
      <Filter>JEngine\Components\Graphics\Font</Filter>
    </ClInclude>
    <ClInclude Include="Text.h">
      <Filter>JEngine\Components\Graphics\Text</Filter>
    </ClInclude>
    <ClInclude Include="Sound.h">
      <Filter>JEngine\Components\Audio\Sound</Filter>
    </ClInclude>
    <ClInclude Include="Music.h">
      <Filter>JEngine\Components\Audio\Music</Filter>
    </ClInclude>
    <ClInclude Include="Button.h">
      <Filter>JEngine\Components\Graphics\Button</Filter>
    </ClInclude>
    <ClInclude Include="ReflectorBeamManager.h">
      <Filter>Game\Level\Managers\Beam</Filter>
    </ClInclude>
    <ClInclude Include="MenuScene.h">
      <Filter>Game\Scenes</Filter>
    </ClInclude>
    <ClInclude Include="TimeManager.h">
      <Filter>Game\Level\Managers\Time</Filter>
    </ClInclude>
    <ClInclude Include="ScoreManager.h">
      <Filter>Game\Level\Managers\Score</Filter>
    </ClInclude>
    <ClInclude Include="MainScene.h">
      <Filter>Game\Scenes</Filter>
    </ClInclude>
    <ClInclude Include="ReflectorBeam.h">
      <Filter>Game\Level\Beam</Filter>
    </ClInclude>
    <ClInclude Include="MirrorManager.h">
      <Filter>Game\Level\Managers\Mirror</Filter>
    </ClInclude>
    <ClInclude Include="Equations.h">
      <Filter>JEngine\Helpers</Filter>
    </ClInclude>
    <ClInclude Include="HelperMethods.h">
      <Filter>JEngine\Helpers</Filter>
    </ClInclude>
    <ClInclude Include="ColorManager.h">
      <Filter>Game\Level\Managers\Color</Filter>
    </ClInclude>
    <ClInclude Include="LevelSelectScene.h">
      <Filter>Game\Scenes</Filter>
    </ClInclude>
    <ClInclude Include="Mirror.h">
      <Filter>Game\Level\Mirror</Filter>
    </ClInclude>
    <ClInclude Include="LevelSelectManager.h">
      <Filter>Game\LevelSelect</Filter>
    </ClInclude>
    <ClInclude Include="ValidationManager.h">
      <Filter>Game\Level\Managers\Validate</Filter>
    </ClInclude>
  </ItemGroup>
</Project>